
Microsoft Visual Studio Solution File, Format Version 12.00
# Visual Studio Version 17
VisualStudioVersion = 17.6.33723.286
MinimumVisualStudioVersion = 10.0.40219.1
Project("{9A19103F-16F7-4668-BE54-9A1E7A4F7556}") = "PictureViewer", "PictureViewer\PictureViewer.csproj", "{DB77F976-4F48-4085-9C6F-FF7732D650C6}"
EndProject
Global
	GlobalSection(SolutionConfigurationPlatforms) = preSolution
		Debug|Any CPU = Debug|Any CPU
		Release|Any CPU = Release|Any CPU
	EndGlobalSection
	GlobalSection(ProjectConfigurationPlatforms) = postSolution
		{DB77F976-4F48-4085-9C6F-FF7732D650C6}.Debug|Any CPU.ActiveCfg = Debug|Any CPU
		{DB77F976-4F48-4085-9C6F-FF7732D650C6}.Debug|Any CPU.Build.0 = Debug|Any CPU
		{DB77F976-4F48-4085-9C6F-FF7732D650C6}.Release|Any CPU.ActiveCfg = Release|Any CPU
		{DB77F976-4F48-4085-9C6F-FF7732D650C6}.Release|Any CPU.Build.0 = Release|Any CPU
	EndGlobalSection
	GlobalSection(SolutionProperties) = preSolution
		HideSolutionNode = FALSE
	EndGlobalSection
	GlobalSection(ExtensibilityGlobals) = postSolution
		SolutionGuid = {685752AE-1445-4182-9806-B60486E6B049}
	EndGlobalSection
EndGlobal
